
Microsoft Visual Studio Solution File, Format Version 12.00
# Visual Studio Version 17
VisualStudioVersion = 17.13.35931.197
MinimumVisualStudioVersion = 10.0.40219.1
Project("{2150E333-8FDC-42A3-9474-1A3956D46DE8}") = "src", "src", "{02EA681E-C7D8-13C7-8484-4AC65E1B71E8}"
EndProject
Project("{2150E333-8FDC-42A3-9474-1A3956D46DE8}") = "Common", "Common", "{099F4C2F-A0F8-490D-8625-B21BFBC244FF}"
EndProject
Project("{2150E333-8FDC-42A3-9474-1A3956D46DE8}") = "Data", "Data", "{A7E4573B-72ED-4FDC-B18C-290D70C36A2B}"
EndProject
Project("{2150E333-8FDC-42A3-9474-1A3956D46DE8}") = "Business", "Business", "{E0DE6A41-7B44-4547-B35E-3682F8F22D1B}"
EndProject
Project("{2150E333-8FDC-42A3-9474-1A3956D46DE8}") = "Presentation", "Presentation", "{86BC28A8-4C61-48C3-989B-EEE3A4C3875B}"
EndProject
Project("{FAE04EC0-301F-11D3-BF4B-00C04F79EFBC}") = "POS.Common", "Common\POS.Common.csproj", "{37BD337D-3E8E-75AD-C819-ED40119E04DF}"
EndProject
Project("{FAE04EC0-301F-11D3-BF4B-00C04F79EFBC}") = "POS.Data", "Data\POS.Data.csproj", "{9B5D9747-74FC-DBF0-BB63-5E5533333153}"
EndProject
Project("{FAE04EC0-301F-11D3-BF4B-00C04F79EFBC}") = "POS.Business", "Business\POS.Business.csproj", "{FECCFAC3-6426-BCA0-0B89-847E01606F0E}"
EndProject
Project("{FAE04EC0-301F-11D3-BF4B-00C04F79EFBC}") = "POS.Desktop", "Presentation\POS.Desktop.csproj", "{6C1C64D8-9857-1E59-B006-AEA655653E7A}"
EndProject
Global
	GlobalSection(SolutionConfigurationPlatforms) = preSolution
		Debug|Any CPU = Debug|Any CPU
		Release|Any CPU = Release|Any CPU
	EndGlobalSection
	GlobalSection(ProjectConfigurationPlatforms) = postSolution
		{37BD337D-3E8E-75AD-C819-ED40119E04DF}.Debug|Any CPU.ActiveCfg = Debug|Any CPU
		{37BD337D-3E8E-75AD-C819-ED40119E04DF}.Debug|Any CPU.Build.0 = Debug|Any CPU
		{37BD337D-3E8E-75AD-C819-ED40119E04DF}.Release|Any CPU.ActiveCfg = Release|Any CPU
		{37BD337D-3E8E-75AD-C819-ED40119E04DF}.Release|Any CPU.Build.0 = Release|Any CPU
		{9B5D9747-74FC-DBF0-BB63-5E5533333153}.Debug|Any CPU.ActiveCfg = Debug|Any CPU
		{9B5D9747-74FC-DBF0-BB63-5E5533333153}.Debug|Any CPU.Build.0 = Debug|Any CPU
		{9B5D9747-74FC-DBF0-BB63-5E5533333153}.Release|Any CPU.ActiveCfg = Release|Any CPU
		{9B5D9747-74FC-DBF0-BB63-5E5533333153}.Release|Any CPU.Build.0 = Release|Any CPU
		{FECCFAC3-6426-BCA0-0B89-847E01606F0E}.Debug|Any CPU.ActiveCfg = Debug|Any CPU
		{FECCFAC3-6426-BCA0-0B89-847E01606F0E}.Debug|Any CPU.Build.0 = Debug|Any CPU
		{FECCFAC3-6426-BCA0-0B89-847E01606F0E}.Release|Any CPU.ActiveCfg = Release|Any CPU
		{FECCFAC3-6426-BCA0-0B89-847E01606F0E}.Release|Any CPU.Build.0 = Release|Any CPU
		{6C1C64D8-9857-1E59-B006-AEA655653E7A}.Debug|Any CPU.ActiveCfg = Debug|Any CPU
		{6C1C64D8-9857-1E59-B006-AEA655653E7A}.Debug|Any CPU.Build.0 = Debug|Any CPU
		{6C1C64D8-9857-1E59-B006-AEA655653E7A}.Release|Any CPU.ActiveCfg = Release|Any CPU
		{6C1C64D8-9857-1E59-B006-AEA655653E7A}.Release|Any CPU.Build.0 = Release|Any CPU
	EndGlobalSection
	GlobalSection(SolutionProperties) = preSolution
		HideSolutionNode = FALSE
	EndGlobalSection
	GlobalSection(NestedProjects) = preSolution
		{099F4C2F-A0F8-490D-8625-B21BFBC244FF} = {02EA681E-C7D8-13C7-8484-4AC65E1B71E8}
		{A7E4573B-72ED-4FDC-B18C-290D70C36A2B} = {02EA681E-C7D8-13C7-8484-4AC65E1B71E8}
		{E0DE6A41-7B44-4547-B35E-3682F8F22D1B} = {02EA681E-C7D8-13C7-8484-4AC65E1B71E8}
		{86BC28A8-4C61-48C3-989B-EEE3A4C3875B} = {02EA681E-C7D8-13C7-8484-4AC65E1B71E8}
		{37BD337D-3E8E-75AD-C819-ED40119E04DF} = {099F4C2F-A0F8-490D-8625-B21BFBC244FF}
		{9B5D9747-74FC-DBF0-BB63-5E5533333153} = {A7E4573B-72ED-4FDC-B18C-290D70C36A2B}
		{FECCFAC3-6426-BCA0-0B89-847E01606F0E} = {E0DE6A41-7B44-4547-B35E-3682F8F22D1B}
		{6C1C64D8-9857-1E59-B006-AEA655653E7A} = {86BC28A8-4C61-48C3-989B-EEE3A4C3875B}
	EndGlobalSection
	GlobalSection(ExtensibilityGlobals) = postSolution
		SolutionGuid = {0016DB4E-420F-454F-B256-1670883138CD}
	EndGlobalSection
EndGlobal
